
Microsoft Visual Studio Solution File, Format Version 12.00
# Visual Studio Version 17
VisualStudioVersion = 17.14.36511.14 d17.14
MinimumVisualStudioVersion = 10.0.40219.1
Project("{FAE04EC0-301F-11D3-BF4B-00C04F79EFBC}") = "week7practical", "week7practical\week7practical.csproj", "{E3EB19CA-8ACD-474A-916C-42CE1DF04191}"
EndProject
Project("{FAE04EC0-301F-11D3-BF4B-00C04F79EFBC}") = "MyListProject", "MyListProject\MyListProject.csproj", "{60E81C90-4B1E-4653-91E9-5C78CFD8DEA9}"
EndProject
Project("{FAE04EC0-301F-11D3-BF4B-00C04F79EFBC}") = "My2DArrayProject", "My2DArrayProject\My2DArrayProject.csproj", "{22CCD400-F8D0-4F8C-A3E5-11CC66544038}"
EndProject
Project("{FAE04EC0-301F-11D3-BF4B-00C04F79EFBC}") = "StudentListProject", "StudentListProject\StudentListProject.csproj", "{E265C81A-6B42-4954-88E1-974BC3BF2B8B}"
EndProject
Global
	GlobalSection(SolutionConfigurationPlatforms) = preSolution
		Debug|Any CPU = Debug|Any CPU
		Release|Any CPU = Release|Any CPU
	EndGlobalSection
	GlobalSection(ProjectConfigurationPlatforms) = postSolution
		{E3EB19CA-8ACD-474A-916C-42CE1DF04191}.Debug|Any CPU.ActiveCfg = Debug|Any CPU
		{E3EB19CA-8ACD-474A-916C-42CE1DF04191}.Debug|Any CPU.Build.0 = Debug|Any CPU
		{E3EB19CA-8ACD-474A-916C-42CE1DF04191}.Release|Any CPU.ActiveCfg = Release|Any CPU
		{E3EB19CA-8ACD-474A-916C-42CE1DF04191}.Release|Any CPU.Build.0 = Release|Any CPU
		{60E81C90-4B1E-4653-91E9-5C78CFD8DEA9}.Debug|Any CPU.ActiveCfg = Debug|Any CPU
		{60E81C90-4B1E-4653-91E9-5C78CFD8DEA9}.Debug|Any CPU.Build.0 = Debug|Any CPU
		{60E81C90-4B1E-4653-91E9-5C78CFD8DEA9}.Release|Any CPU.ActiveCfg = Release|Any CPU
		{60E81C90-4B1E-4653-91E9-5C78CFD8DEA9}.Release|Any CPU.Build.0 = Release|Any CPU
		{22CCD400-F8D0-4F8C-A3E5-11CC66544038}.Debug|Any CPU.ActiveCfg = Debug|Any CPU
		{22CCD400-F8D0-4F8C-A3E5-11CC66544038}.Debug|Any CPU.Build.0 = Debug|Any CPU
		{22CCD400-F8D0-4F8C-A3E5-11CC66544038}.Release|Any CPU.ActiveCfg = Release|Any CPU
		{22CCD400-F8D0-4F8C-A3E5-11CC66544038}.Release|Any CPU.Build.0 = Release|Any CPU
		{E265C81A-6B42-4954-88E1-974BC3BF2B8B}.Debug|Any CPU.ActiveCfg = Debug|Any CPU
		{E265C81A-6B42-4954-88E1-974BC3BF2B8B}.Debug|Any CPU.Build.0 = Debug|Any CPU
		{E265C81A-6B42-4954-88E1-974BC3BF2B8B}.Release|Any CPU.ActiveCfg = Release|Any CPU
		{E265C81A-6B42-4954-88E1-974BC3BF2B8B}.Release|Any CPU.Build.0 = Release|Any CPU
	EndGlobalSection
	GlobalSection(SolutionProperties) = preSolution
		HideSolutionNode = FALSE
	EndGlobalSection
	GlobalSection(ExtensibilityGlobals) = postSolution
		SolutionGuid = {7A33E123-6933-4852-8A37-7C34F3BE4131}
	EndGlobalSection
EndGlobal
